<Solution>
  <Project Path="ExchangeOffice.Business/ExchangeOffice.Business.csproj" />
  <Project Path="ExchangeOffice.Contracts/ExchangeOffice.Contracts.csproj" />
  <Project Path="ExchangeOffice.Nbp/ExchangeOffice.Nbp.csproj" />
  <Project Path="ExchangeOffice.Service/ExchangeOffice.Service.csproj" />
</Solution>
