<Solution>
  <Project Path="../../../../../../source/repos/Network-Application-Development_ID59158/Wcf-Service/ExchangeOffice/ExchangeOffice/ExchangeOffice.Business/ExchangeOffice.Business.csproj" Id="106568e7-0dc1-4bf2-8434-986c7c106a27" />
  <Project Path="../../../../../../source/repos/Network-Application-Development_ID59158/Wcf-Service/ExchangeOffice/ExchangeOffice/ExchangeOffice.Contracts/ExchangeOffice.Contracts.csproj" Id="0dad2cb2-6187-4271-8e2b-6b6f620ff9ae" />
  <Project Path="../../../../../../source/repos/Network-Application-Development_ID59158/Wcf-Service/ExchangeOffice/ExchangeOffice/ExchangeOffice.Nbp/ExchangeOffice.Nbp.csproj" Id="8f17d126-4fbf-4278-9362-6f36e4ec93a3" />
  <Project Path="../../../../../../source/repos/Network-Application-Development_ID59158/Wcf-Service/ExchangeOffice/ExchangeOffice/ExchangeOffice.Service/ExchangeOffice.Service.csproj" Id="484fafc3-96f7-47a6-8eb3-09006ac65bd8" />
</Solution>
